
Microsoft Visual Studio Solution File, Format Version 12.00
# Visual Studio Version 16
VisualStudioVersion = 16.0.31321.278
MinimumVisualStudioVersion = 10.0.40219.1
Project("{FAE04EC0-301F-11D3-BF4B-00C04F79EFBC}") = "AspNetCoreRateLimitWithRedis", "AspNetCoreRateLimitWithRedis\AspNetCoreRateLimitWithRedis.csproj", "{77F83126-62BC-4790-991D-1A9C298BC901}"
EndProject
Global
	GlobalSection(SolutionConfigurationPlatforms) = preSolution
		Debug|Any CPU = Debug|Any CPU
		Release|Any CPU = Release|Any CPU
	EndGlobalSection
	GlobalSection(ProjectConfigurationPlatforms) = postSolution
		{77F83126-62BC-4790-991D-1A9C298BC901}.Debug|Any CPU.ActiveCfg = Debug|Any CPU
		{77F83126-62BC-4790-991D-1A9C298BC901}.Debug|Any CPU.Build.0 = Debug|Any CPU
		{77F83126-62BC-4790-991D-1A9C298BC901}.Release|Any CPU.ActiveCfg = Release|Any CPU
		{77F83126-62BC-4790-991D-1A9C298BC901}.Release|Any CPU.Build.0 = Release|Any CPU
	EndGlobalSection
	GlobalSection(SolutionProperties) = preSolution
		HideSolutionNode = FALSE
	EndGlobalSection
	GlobalSection(ExtensibilityGlobals) = postSolution
		SolutionGuid = {0FC5B00B-1718-434C-93C2-8A86AF920598}
	EndGlobalSection
EndGlobal
